
Microsoft Visual Studio Solution File, Format Version 12.00
# Visual Studio 14
VisualStudioVersion = 14.0.25420.1
MinimumVisualStudioVersion = 10.0.40219.1
Project("{FAE04EC0-301F-11D3-BF4B-00C04F79EFBC}") = "EMS.CLI", "EMS.CLI\EMS.CLI.csproj", "{A055A6E0-24A2-4989-A16F-57383E1BCCFD}"
EndProject
Project("{2150E333-8FDC-42A3-9474-1A3956D46DE8}") = "Infrastructure", "Infrastructure", "{36B6E86C-DC31-4B8F-A6D5-DD208200F101}"
EndProject
Project("{2150E333-8FDC-42A3-9474-1A3956D46DE8}") = "Core", "Core", "{EF480747-1667-4356-A5B5-62DEA7BEB113}"
EndProject
Project("{FAE04EC0-301F-11D3-BF4B-00C04F79EFBC}") = "EMS.Core.Interfaces", "Core\EMS.Core.Interfaces\EMS.Core.Interfaces.csproj", "{33F3E706-46DE-4F09-A12C-09A5E0F4A397}"
EndProject
Project("{FAE04EC0-301F-11D3-BF4B-00C04F79EFBC}") = "EMS.Core", "Core\EMS.Core\EMS.Core.csproj", "{501EE9DC-0B5B-47B0-AA82-14D5989A9D9D}"
EndProject
Project("{2150E333-8FDC-42A3-9474-1A3956D46DE8}") = "Web", "Web", "{DB1CF46D-2B67-4316-8F30-83D4E2A46323}"
EndProject
Project("{FAE04EC0-301F-11D3-BF4B-00C04F79EFBC}") = "EMS.Web.KafkaSavers", "Web\EMS.Web.KafkaSavers\EMS.Web.KafkaSavers.csproj", "{31A185E9-1312-456A-900E-5365B82F0F16}"
EndProject
Project("{FAE04EC0-301F-11D3-BF4B-00C04F79EFBC}") = "EMS.Infrastructure.DependencyInjection", "Infrastructure\EMS.Infrastructure.DependencyInjection\EMS.Infrastructure.DependencyInjection.csproj", "{E9C5306B-BDAB-4C01-99EB-80B74633143B}"
EndProject
Project("{FAE04EC0-301F-11D3-BF4B-00C04F79EFBC}") = "EMS.Infrastructure.DependencyInjection.Interfaces", "Infrastructure\EMS.Infrastructure.DependencyInjection.Interfaces\EMS.Infrastructure.DependencyInjection.Interfaces.csproj", "{F17499B4-8079-414C-943D-62B08F2FCD01}"
EndProject
Project("{2150E333-8FDC-42A3-9474-1A3956D46DE8}") = "UnitTests", "UnitTests", "{F5A4FC24-5E9C-4DE9-9DAA-CB756CE89101}"
EndProject
Project("{FAE04EC0-301F-11D3-BF4B-00C04F79EFBC}") = "EMS.Infrastructure.DependencyInjection.UnitTests", "UnitTests\EMS.Infrastructure.DependencyInjection.UnitTests\EMS.Infrastructure.DependencyInjection.UnitTests.csproj", "{1E30C031-3518-40BD-8969-9BB617E73C3F}"
EndProject
Project("{FAE04EC0-301F-11D3-BF4B-00C04F79EFBC}") = "EMS.Infrastructure.Common", "Infrastructure\EMS.Infrastructure.Common\EMS.Infrastructure.Common.csproj", "{808B86C4-4C69-492D-BBEA-30E0D937E539}"
EndProject
Project("{FAE04EC0-301F-11D3-BF4B-00C04F79EFBC}") = "EMS.Core.Models", "Core\EMS.Core.Models\EMS.Core.Models.csproj", "{7288268B-DE4A-4BB2-A7DB-0EFAB2834371}"
EndProject
Project("{2150E333-8FDC-42A3-9474-1A3956D46DE8}") = "Desktop", "Desktop", "{9F70DE2E-0D98-4512-9F98-86E05C9083F6}"
EndProject
Project("{FAE04EC0-301F-11D3-BF4B-00C04F79EFBC}") = "EMS.Infrastructure.Stream", "EMS.Infrastructure.Stream\EMS.Infrastructure.Stream.csproj", "{73BCEBC6-8C84-4CC9-845E-F21A91793E27}"
EndProject
Project("{FAE04EC0-301F-11D3-BF4B-00C04F79EFBC}") = "EMS.Desktop.Client", "Desktop\EMS.Desktop.Client\EMS.Desktop.Client.csproj", "{96D29032-2AAA-4DBC-AE78-CBE0C7DB6AD5}"
EndProject
Project("{FAE04EC0-301F-11D3-BF4B-00C04F79EFBC}") = "EMS.Web.MongoSavers", "Web\EMS.Web.MongoSavers\EMS.Web.MongoSavers.csproj", "{129D146B-E490-4F48-B996-C8CBF52BDA94}"
EndProject
Project("{FAE04EC0-301F-11D3-BF4B-00C04F79EFBC}") = "EMS.Web.Website", "Web\EMS.Web.Website\EMS.Web.Website.csproj", "{A99C8E88-C9B2-460A-8448-25A1B6D76BD3}"
EndProject
Project("{FAE04EC0-301F-11D3-BF4B-00C04F79EFBC}") = "EMS.Infrastructure.Workers", "Infrastructure\EMS.Infrastructure.Workers\EMS.Infrastructure.Workers.csproj", "{334D48CE-A7CC-4B62-92D1-54FF286C5687}"
EndProject
Project("{FAE04EC0-301F-11D3-BF4B-00C04F79EFBC}") = "EMS.Infrastructure.Statistics", "Infrastructure\EMS.Infrastructure.Statistics\EMS.Infrastructure.Statistics.csproj", "{4B3B1AEC-25D4-4E76-8AEC-D7C146C22E09}"
EndProject
Global
	GlobalSection(SolutionConfigurationPlatforms) = preSolution
		Debug|Any CPU = Debug|Any CPU
		Release|Any CPU = Release|Any CPU
	EndGlobalSection
	GlobalSection(ProjectConfigurationPlatforms) = postSolution
		{A055A6E0-24A2-4989-A16F-57383E1BCCFD}.Debug|Any CPU.ActiveCfg = Debug|Any CPU
		{A055A6E0-24A2-4989-A16F-57383E1BCCFD}.Debug|Any CPU.Build.0 = Debug|Any CPU
		{A055A6E0-24A2-4989-A16F-57383E1BCCFD}.Release|Any CPU.ActiveCfg = Release|Any CPU
		{A055A6E0-24A2-4989-A16F-57383E1BCCFD}.Release|Any CPU.Build.0 = Release|Any CPU
		{33F3E706-46DE-4F09-A12C-09A5E0F4A397}.Debug|Any CPU.ActiveCfg = Debug|Any CPU
		{33F3E706-46DE-4F09-A12C-09A5E0F4A397}.Debug|Any CPU.Build.0 = Debug|Any CPU
		{33F3E706-46DE-4F09-A12C-09A5E0F4A397}.Release|Any CPU.ActiveCfg = Release|Any CPU
		{33F3E706-46DE-4F09-A12C-09A5E0F4A397}.Release|Any CPU.Build.0 = Release|Any CPU
		{501EE9DC-0B5B-47B0-AA82-14D5989A9D9D}.Debug|Any CPU.ActiveCfg = Debug|Any CPU
		{501EE9DC-0B5B-47B0-AA82-14D5989A9D9D}.Debug|Any CPU.Build.0 = Debug|Any CPU
		{501EE9DC-0B5B-47B0-AA82-14D5989A9D9D}.Release|Any CPU.ActiveCfg = Release|Any CPU
		{501EE9DC-0B5B-47B0-AA82-14D5989A9D9D}.Release|Any CPU.Build.0 = Release|Any CPU
		{31A185E9-1312-456A-900E-5365B82F0F16}.Debug|Any CPU.ActiveCfg = Debug|Any CPU
		{31A185E9-1312-456A-900E-5365B82F0F16}.Debug|Any CPU.Build.0 = Debug|Any CPU
		{31A185E9-1312-456A-900E-5365B82F0F16}.Release|Any CPU.ActiveCfg = Release|Any CPU
		{31A185E9-1312-456A-900E-5365B82F0F16}.Release|Any CPU.Build.0 = Release|Any CPU
		{E9C5306B-BDAB-4C01-99EB-80B74633143B}.Debug|Any CPU.ActiveCfg = Debug|Any CPU
		{E9C5306B-BDAB-4C01-99EB-80B74633143B}.Debug|Any CPU.Build.0 = Debug|Any CPU
		{E9C5306B-BDAB-4C01-99EB-80B74633143B}.Release|Any CPU.ActiveCfg = Release|Any CPU
		{E9C5306B-BDAB-4C01-99EB-80B74633143B}.Release|Any CPU.Build.0 = Release|Any CPU
		{F17499B4-8079-414C-943D-62B08F2FCD01}.Debug|Any CPU.ActiveCfg = Debug|Any CPU
		{F17499B4-8079-414C-943D-62B08F2FCD01}.Debug|Any CPU.Build.0 = Debug|Any CPU
		{F17499B4-8079-414C-943D-62B08F2FCD01}.Release|Any CPU.ActiveCfg = Release|Any CPU
		{F17499B4-8079-414C-943D-62B08F2FCD01}.Release|Any CPU.Build.0 = Release|Any CPU
		{1E30C031-3518-40BD-8969-9BB617E73C3F}.Debug|Any CPU.ActiveCfg = Debug|Any CPU
		{1E30C031-3518-40BD-8969-9BB617E73C3F}.Debug|Any CPU.Build.0 = Debug|Any CPU
		{1E30C031-3518-40BD-8969-9BB617E73C3F}.Release|Any CPU.ActiveCfg = Release|Any CPU
		{1E30C031-3518-40BD-8969-9BB617E73C3F}.Release|Any CPU.Build.0 = Release|Any CPU
		{808B86C4-4C69-492D-BBEA-30E0D937E539}.Debug|Any CPU.ActiveCfg = Debug|Any CPU
		{808B86C4-4C69-492D-BBEA-30E0D937E539}.Debug|Any CPU.Build.0 = Debug|Any CPU
		{808B86C4-4C69-492D-BBEA-30E0D937E539}.Release|Any CPU.ActiveCfg = Release|Any CPU
		{808B86C4-4C69-492D-BBEA-30E0D937E539}.Release|Any CPU.Build.0 = Release|Any CPU
		{7288268B-DE4A-4BB2-A7DB-0EFAB2834371}.Debug|Any CPU.ActiveCfg = Debug|Any CPU
		{7288268B-DE4A-4BB2-A7DB-0EFAB2834371}.Debug|Any CPU.Build.0 = Debug|Any CPU
		{7288268B-DE4A-4BB2-A7DB-0EFAB2834371}.Release|Any CPU.ActiveCfg = Release|Any CPU
		{7288268B-DE4A-4BB2-A7DB-0EFAB2834371}.Release|Any CPU.Build.0 = Release|Any CPU
		{73BCEBC6-8C84-4CC9-845E-F21A91793E27}.Debug|Any CPU.ActiveCfg = Debug|Any CPU
		{73BCEBC6-8C84-4CC9-845E-F21A91793E27}.Debug|Any CPU.Build.0 = Debug|Any CPU
		{73BCEBC6-8C84-4CC9-845E-F21A91793E27}.Release|Any CPU.ActiveCfg = Release|Any CPU
		{73BCEBC6-8C84-4CC9-845E-F21A91793E27}.Release|Any CPU.Build.0 = Release|Any CPU
		{96D29032-2AAA-4DBC-AE78-CBE0C7DB6AD5}.Debug|Any CPU.ActiveCfg = Debug|Any CPU
		{96D29032-2AAA-4DBC-AE78-CBE0C7DB6AD5}.Debug|Any CPU.Build.0 = Debug|Any CPU
		{96D29032-2AAA-4DBC-AE78-CBE0C7DB6AD5}.Release|Any CPU.ActiveCfg = Release|Any CPU
		{96D29032-2AAA-4DBC-AE78-CBE0C7DB6AD5}.Release|Any CPU.Build.0 = Release|Any CPU
		{129D146B-E490-4F48-B996-C8CBF52BDA94}.Debug|Any CPU.ActiveCfg = Debug|Any CPU
		{129D146B-E490-4F48-B996-C8CBF52BDA94}.Debug|Any CPU.Build.0 = Debug|Any CPU
		{129D146B-E490-4F48-B996-C8CBF52BDA94}.Release|Any CPU.ActiveCfg = Release|Any CPU
		{129D146B-E490-4F48-B996-C8CBF52BDA94}.Release|Any CPU.Build.0 = Release|Any CPU
		{A99C8E88-C9B2-460A-8448-25A1B6D76BD3}.Debug|Any CPU.ActiveCfg = Debug|Any CPU
		{A99C8E88-C9B2-460A-8448-25A1B6D76BD3}.Debug|Any CPU.Build.0 = Debug|Any CPU
		{A99C8E88-C9B2-460A-8448-25A1B6D76BD3}.Release|Any CPU.ActiveCfg = Release|Any CPU
		{A99C8E88-C9B2-460A-8448-25A1B6D76BD3}.Release|Any CPU.Build.0 = Release|Any CPU
		{334D48CE-A7CC-4B62-92D1-54FF286C5687}.Debug|Any CPU.ActiveCfg = Debug|Any CPU
		{334D48CE-A7CC-4B62-92D1-54FF286C5687}.Debug|Any CPU.Build.0 = Debug|Any CPU
		{334D48CE-A7CC-4B62-92D1-54FF286C5687}.Release|Any CPU.ActiveCfg = Release|Any CPU
		{334D48CE-A7CC-4B62-92D1-54FF286C5687}.Release|Any CPU.Build.0 = Release|Any CPU
		{4B3B1AEC-25D4-4E76-8AEC-D7C146C22E09}.Debug|Any CPU.ActiveCfg = Debug|Any CPU
		{4B3B1AEC-25D4-4E76-8AEC-D7C146C22E09}.Debug|Any CPU.Build.0 = Debug|Any CPU
		{4B3B1AEC-25D4-4E76-8AEC-D7C146C22E09}.Release|Any CPU.ActiveCfg = Release|Any CPU
		{4B3B1AEC-25D4-4E76-8AEC-D7C146C22E09}.Release|Any CPU.Build.0 = Release|Any CPU
	EndGlobalSection
	GlobalSection(SolutionProperties) = preSolution
		HideSolutionNode = FALSE
	EndGlobalSection
	GlobalSection(NestedProjects) = preSolution
		{33F3E706-46DE-4F09-A12C-09A5E0F4A397} = {EF480747-1667-4356-A5B5-62DEA7BEB113}
		{501EE9DC-0B5B-47B0-AA82-14D5989A9D9D} = {EF480747-1667-4356-A5B5-62DEA7BEB113}
		{31A185E9-1312-456A-900E-5365B82F0F16} = {DB1CF46D-2B67-4316-8F30-83D4E2A46323}
		{E9C5306B-BDAB-4C01-99EB-80B74633143B} = {36B6E86C-DC31-4B8F-A6D5-DD208200F101}
		{F17499B4-8079-414C-943D-62B08F2FCD01} = {36B6E86C-DC31-4B8F-A6D5-DD208200F101}
		{1E30C031-3518-40BD-8969-9BB617E73C3F} = {F5A4FC24-5E9C-4DE9-9DAA-CB756CE89101}
		{808B86C4-4C69-492D-BBEA-30E0D937E539} = {36B6E86C-DC31-4B8F-A6D5-DD208200F101}
		{7288268B-DE4A-4BB2-A7DB-0EFAB2834371} = {EF480747-1667-4356-A5B5-62DEA7BEB113}
		{73BCEBC6-8C84-4CC9-845E-F21A91793E27} = {36B6E86C-DC31-4B8F-A6D5-DD208200F101}
		{96D29032-2AAA-4DBC-AE78-CBE0C7DB6AD5} = {9F70DE2E-0D98-4512-9F98-86E05C9083F6}
		{129D146B-E490-4F48-B996-C8CBF52BDA94} = {DB1CF46D-2B67-4316-8F30-83D4E2A46323}
		{A99C8E88-C9B2-460A-8448-25A1B6D76BD3} = {DB1CF46D-2B67-4316-8F30-83D4E2A46323}
		{334D48CE-A7CC-4B62-92D1-54FF286C5687} = {36B6E86C-DC31-4B8F-A6D5-DD208200F101}
		{4B3B1AEC-25D4-4E76-8AEC-D7C146C22E09} = {36B6E86C-DC31-4B8F-A6D5-DD208200F101}
	EndGlobalSection
EndGlobal
